
Microsoft Visual Studio Solution File, Format Version 12.00
# Visual Studio 15
VisualStudioVersion = 15.0.27428.2037
MinimumVisualStudioVersion = 10.0.40219.1
Project("{FAE04EC0-301F-11D3-BF4B-00C04F79EFBC}") = "testproj", "testproj\testproj.csproj", "{CE2FC95C-FEA0-44AF-AF8F-53F9036E22BE}"
EndProject
Global
	GlobalSection(SolutionConfigurationPlatforms) = preSolution
		Debug|Any CPU = Debug|Any CPU
		Release|Any CPU = Release|Any CPU
	EndGlobalSection
	GlobalSection(ProjectConfigurationPlatforms) = postSolution
		{CE2FC95C-FEA0-44AF-AF8F-53F9036E22BE}.Debug|Any CPU.ActiveCfg = Debug|Any CPU
		{CE2FC95C-FEA0-44AF-AF8F-53F9036E22BE}.Debug|Any CPU.Build.0 = Debug|Any CPU
		{CE2FC95C-FEA0-44AF-AF8F-53F9036E22BE}.Release|Any CPU.ActiveCfg = Release|Any CPU
		{CE2FC95C-FEA0-44AF-AF8F-53F9036E22BE}.Release|Any CPU.Build.0 = Release|Any CPU
	EndGlobalSection
	GlobalSection(SolutionProperties) = preSolution
		HideSolutionNode = FALSE
	EndGlobalSection
	GlobalSection(ExtensibilityGlobals) = postSolution
		SolutionGuid = {6BC7F58C-B53E-42D0-9525-791376B6F2BD}
	EndGlobalSection
EndGlobal
